// !$*UTF8*$!
{
	archiveVersion = 1;
	classes = {
	};
	objectVersion = 51;
	objects = {

/* Begin PBXBuildFile section */
		3DF21F9B24C5779D005D74A8 /* AppDelegate.swift in Sources */ = {isa = PBXBuildFile; fileRef = 3DF21F9A24C5779D005D74A8 /* AppDelegate.swift */; };
		3DF21F9D24C5779D005D74A8 /* SceneDelegate.swift in Sources */ = {isa = PBXBuildFile; fileRef = 3DF21F9C24C5779D005D74A8 /* SceneDelegate.swift */; };
		3DF21F9F24C5779D005D74A8 /* ViewController.swift in Sources */ = {isa = PBXBuildFile; fileRef = 3DF21F9E24C5779D005D74A8 /* ViewController.swift */; };
		3DF21FA224C5779D005D74A8 /* Main.storyboard in Resources */ = {isa = PBXBuildFile; fileRef = 3DF21FA024C5779D005D74A8 /* Main.storyboard */; };
		3DF21FA424C577A1005D74A8 /* Assets.xcassets in Resources */ = {isa = PBXBuildFile; fileRef = 3DF21FA324C577A1005D74A8 /* Assets.xcassets */; };
		3DF21FA724C577A1005D74A8 /* LaunchScreen.storyboard in Resources */ = {isa = PBXBuildFile; fileRef = 3DF21FA524C577A1005D74A8 /* LaunchScreen.storyboard */; };
		3DF21FAF24C577FF005D74A8 /* GiaoDichViewController.swift in Sources */ = {isa = PBXBuildFile; fileRef = 3DF21FAE24C577FF005D74A8 /* GiaoDichViewController.swift */; };
		3DF21FB124C5797F005D74A8 /* Navigation+Extensions.swift in Sources */ = {isa = PBXBuildFile; fileRef = 3DF21FB024C5797F005D74A8 /* Navigation+Extensions.swift */; };
		3DF21FB424C580C2005D74A8 /* TransferTableViewCell.swift in Sources */ = {isa = PBXBuildFile; fileRef = 3DF21FB324C580C2005D74A8 /* TransferTableViewCell.swift */; };
		3DF21FB724C582D6005D74A8 /* UILabel+Extensions.swift in Sources */ = {isa = PBXBuildFile; fileRef = 3DF21FB624C582D6005D74A8 /* UILabel+Extensions.swift */; };
		3DF21FB924C58AA4005D74A8 /* UIColor+Extension.swift in Sources */ = {isa = PBXBuildFile; fileRef = 3DF21FB824C58AA4005D74A8 /* UIColor+Extension.swift */; };
		3DF21FBB24C5921B005D74A8 /* CurrencyTableViewCell.swift in Sources */ = {isa = PBXBuildFile; fileRef = 3DF21FBA24C5921B005D74A8 /* CurrencyTableViewCell.swift */; };
		3DF21FBE24C5ACB6005D74A8 /* InforTableViewCell.swift in Sources */ = {isa = PBXBuildFile; fileRef = 3DF21FBD24C5ACB6005D74A8 /* InforTableViewCell.swift */; };
		3DF21FC024C69E84005D74A8 /* EditViewController.swift in Sources */ = {isa = PBXBuildFile; fileRef = 3DF21FBF24C69E84005D74A8 /* EditViewController.swift */; };
		A7E5A491487A2BC96D42F514 /* Pods_GiaoDich.framework in Frameworks */ = {isa = PBXBuildFile; fileRef = 021817BCE2370D7E37AF870E /* Pods_GiaoDich.framework */; };
/* End PBXBuildFile section */

/* Begin PBXFileReference section */
		021817BCE2370D7E37AF870E /* Pods_GiaoDich.framework */ = {isa = PBXFileReference; explicitFileType = wrapper.framework; includeInIndex = 0; path = Pods_GiaoDich.framework; sourceTree = BUILT_PRODUCTS_DIR; };
		3DF21F9724C5779D005D74A8 /* GiaoDich.app */ = {isa = PBXFileReference; explicitFileType = wrapper.application; includeInIndex = 0; path = GiaoDich.app; sourceTree = BUILT_PRODUCTS_DIR; };
		3DF21F9A24C5779D005D74A8 /* AppDelegate.swift */ = {isa = PBXFileReference; lastKnownFileType = sourcecode.swift; path = AppDelegate.swift; sourceTree = "<group>"; };
		3DF21F9C24C5779D005D74A8 /* SceneDelegate.swift */ = {isa = PBXFileReference; lastKnownFileType = sourcecode.swift; path = SceneDelegate.swift; sourceTree = "<group>"; };
		3DF21F9E24C5779D005D74A8 /* ViewController.swift */ = {isa = PBXFileReference; lastKnownFileType = sourcecode.swift; path = ViewController.swift; sourceTree = "<group>"; };
		3DF21FA124C5779D005D74A8 /* Base */ = {isa = PBXFileReference; lastKnownFileType = file.storyboard; name = Base; path = Base.lproj/Main.storyboard; sourceTree = "<group>"; };
		3DF21FA324C577A1005D74A8 /* Assets.xcassets */ = {isa = PBXFileReference; lastKnownFileType = folder.assetcatalog; path = Assets.xcassets; sourceTree = "<group>"; };
		3DF21FA624C577A1005D74A8 /* Base */ = {isa = PBXFileReference; lastKnownFileType = file.storyboard; name = Base; path = Base.lproj/LaunchScreen.storyboard; sourceTree = "<group>"; };
		3DF21FA824C577A1005D74A8 /* Info.plist */ = {isa = PBXFileReference; lastKnownFileType = text.plist.xml; path = Info.plist; sourceTree = "<group>"; };
		3DF21FAE24C577FF005D74A8 /* GiaoDichViewController.swift */ = {isa = PBXFileReference; lastKnownFileType = sourcecode.swift; path = GiaoDichViewController.swift; sourceTree = "<group>"; };
		3DF21FB024C5797F005D74A8 /* Navigation+Extensions.swift */ = {isa = PBXFileReference; lastKnownFileType = sourcecode.swift; path = "Navigation+Extensions.swift"; sourceTree = "<group>"; };
		3DF21FB324C580C2005D74A8 /* TransferTableViewCell.swift */ = {isa = PBXFileReference; lastKnownFileType = sourcecode.swift; path = TransferTableViewCell.swift; sourceTree = "<group>"; };
		3DF21FB624C582D6005D74A8 /* UILabel+Extensions.swift */ = {isa = PBXFileReference; lastKnownFileType = sourcecode.swift; path = "UILabel+Extensions.swift"; sourceTree = "<group>"; };
		3DF21FB824C58AA4005D74A8 /* UIColor+Extension.swift */ = {isa = PBXFileReference; lastKnownFileType = sourcecode.swift; path = "UIColor+Extension.swift"; sourceTree = "<group>"; };
		3DF21FBA24C5921B005D74A8 /* CurrencyTableViewCell.swift */ = {isa = PBXFileReference; lastKnownFileType = sourcecode.swift; path = CurrencyTableViewCell.swift; sourceTree = "<group>"; };
		3DF21FBD24C5ACB6005D74A8 /* InforTableViewCell.swift */ = {isa = PBXFileReference; lastKnownFileType = sourcecode.swift; path = InforTableViewCell.swift; sourceTree = "<group>"; };
		3DF21FBF24C69E84005D74A8 /* EditViewController.swift */ = {isa = PBXFileReference; lastKnownFileType = sourcecode.swift; path = EditViewController.swift; sourceTree = "<group>"; };
		48F30D528CCC58923D0173D9 /* Pods-GiaoDich.debug.xcconfig */ = {isa = PBXFileReference; includeInIndex = 1; lastKnownFileType = text.xcconfig; name = "Pods-GiaoDich.debug.xcconfig"; path = "Target Support Files/Pods-GiaoDich/Pods-GiaoDich.debug.xcconfig"; sourceTree = "<group>"; };
		D00E7A637717B7DBFDE39043 /* Pods-GiaoDich.release.xcconfig */ = {isa = PBXFileReference; includeInIndex = 1; lastKnownFileType = text.xcconfig; name = "Pods-GiaoDich.release.xcconfig"; path = "Target Support Files/Pods-GiaoDich/Pods-GiaoDich.release.xcconfig"; sourceTree = "<group>"; };
/* End PBXFileReference section */

/* Begin PBXFrameworksBuildPhase section */
		3DF21F9424C5779D005D74A8 /* Frameworks */ = {
			isa = PBXFrameworksBuildPhase;
			buildActionMask = 2147483647;
			files = (
				A7E5A491487A2BC96D42F514 /* Pods_GiaoDich.framework in Frameworks */,
			);
			runOnlyForDeploymentPostprocessing = 0;
		};
/* End PBXFrameworksBuildPhase section */

/* Begin PBXGroup section */
		3DF21F8E24C5779D005D74A8 = {
			isa = PBXGroup;
			children = (
				3DF21F9924C5779D005D74A8 /* GiaoDich */,
				3DF21F9824C5779D005D74A8 /* Products */,
				B3EB8AD89BA9F329BAF3FE73 /* Pods */,
				AB7A7133D5F6DB9CB5112866 /* Frameworks */,
			);
			sourceTree = "<group>";
		};
		3DF21F9824C5779D005D74A8 /* Products */ = {
			isa = PBXGroup;
			children = (
				3DF21F9724C5779D005D74A8 /* GiaoDich.app */,
			);
			name = Products;
			sourceTree = "<group>";
		};
		3DF21F9924C5779D005D74A8 /* GiaoDich */ = {
			isa = PBXGroup;
			children = (
				3DF21FBC24C59B37005D74A8 /* Controllers */,
				3DF21FB524C582B4005D74A8 /* Extensions */,
				3DF21FB224C58082005D74A8 /* Cell */,
				3DF21F9A24C5779D005D74A8 /* AppDelegate.swift */,
				3DF21F9C24C5779D005D74A8 /* SceneDelegate.swift */,
				3DF21F9E24C5779D005D74A8 /* ViewController.swift */,
				3DF21FA024C5779D005D74A8 /* Main.storyboard */,
				3DF21FA324C577A1005D74A8 /* Assets.xcassets */,
				3DF21FA524C577A1005D74A8 /* LaunchScreen.storyboard */,
				3DF21FA824C577A1005D74A8 /* Info.plist */,
			);
			path = GiaoDich;
			sourceTree = "<group>";
		};
		3DF21FB224C58082005D74A8 /* Cell */ = {
			isa = PBXGroup;
			children = (
				3DF21FB324C580C2005D74A8 /* TransferTableViewCell.swift */,
				3DF21FBA24C5921B005D74A8 /* CurrencyTableViewCell.swift */,
				3DF21FBD24C5ACB6005D74A8 /* InforTableViewCell.swift */,
			);
			path = Cell;
			sourceTree = "<group>";
		};
		3DF21FB524C582B4005D74A8 /* Extensions */ = {
			isa = PBXGroup;
			children = (
				3DF21FB024C5797F005D74A8 /* Navigation+Extensions.swift */,
				3DF21FB624C582D6005D74A8 /* UILabel+Extensions.swift */,
				3DF21FB824C58AA4005D74A8 /* UIColor+Extension.swift */,
			);
			path = Extensions;
			sourceTree = "<group>";
		};
		3DF21FBC24C59B37005D74A8 /* Controllers */ = {
			isa = PBXGroup;
			children = (
				3DF21FAE24C577FF005D74A8 /* GiaoDichViewController.swift */,
				3DF21FBF24C69E84005D74A8 /* EditViewController.swift */,
			);
			path = Controllers;
			sourceTree = "<group>";
		};
		AB7A7133D5F6DB9CB5112866 /* Frameworks */ = {
			isa = PBXGroup;
			children = (
				021817BCE2370D7E37AF870E /* Pods_GiaoDich.framework */,
			);
			name = Frameworks;
			sourceTree = "<group>";
		};
		B3EB8AD89BA9F329BAF3FE73 /* Pods */ = {
			isa = PBXGroup;
			children = (
				48F30D528CCC58923D0173D9 /* Pods-GiaoDich.debug.xcconfig */,
				D00E7A637717B7DBFDE39043 /* Pods-GiaoDich.release.xcconfig */,
			);
			path = Pods;
			sourceTree = "<group>";
		};
/* End PBXGroup section */

/* Begin PBXNativeTarget section */
		3DF21F9624C5779D005D74A8 /* GiaoDich */ = {
			isa = PBXNativeTarget;
			buildConfigurationList = 3DF21FAB24C577A1005D74A8 /* Build configuration list for PBXNativeTarget "GiaoDich" */;
			buildPhases = (
				AAF5D8E3FAB2F29596DEBA97 /* [CP] Check Pods Manifest.lock */,
				3DF21F9324C5779D005D74A8 /* Sources */,
				3DF21F9424C5779D005D74A8 /* Frameworks */,
				3DF21F9524C5779D005D74A8 /* Resources */,
				B8992156299FAD277F939B99 /* [CP] Embed Pods Frameworks */,
			);
			buildRules = (
			);
			dependencies = (
			);
			name = GiaoDich;
			productName = GiaoDich;
			productReference = 3DF21F9724C5779D005D74A8 /* GiaoDich.app */;
			productType = "com.apple.product-type.application";
		};
/* End PBXNativeTarget section */

/* Begin PBXProject section */
		3DF21F8F24C5779D005D74A8 /* Project object */ = {
			isa = PBXProject;
			attributes = {
				LastSwiftUpdateCheck = 1150;
				LastUpgradeCheck = 1150;
				ORGANIZATIONNAME = Nam;
				TargetAttributes = {
					3DF21F9624C5779D005D74A8 = {
						CreatedOnToolsVersion = 11.5;
					};
				};
			};
			buildConfigurationList = 3DF21F9224C5779D005D74A8 /* Build configuration list for PBXProject "GiaoDich" */;
			compatibilityVersion = "Xcode 9.3";
			developmentRegion = en;
			hasScannedForEncodings = 0;
			knownRegions = (
				en,
				Base,
			);
			mainGroup = 3DF21F8E24C5779D005D74A8;
			productRefGroup = 3DF21F9824C5779D005D74A8 /* Products */;
			projectDirPath = "";
			projectRoot = "";
			targets = (
				3DF21F9624C5779D005D74A8 /* GiaoDich */,
			);
		};
/* End PBXProject section */

/* Begin PBXResourcesBuildPhase section */
		3DF21F9524C5779D005D74A8 /* Resources */ = {
			isa = PBXResourcesBuildPhase;
			buildActionMask = 2147483647;
			files = (
				3DF21FA724C577A1005D74A8 /* LaunchScreen.storyboard in Resources */,
				3DF21FA424C577A1005D74A8 /* Assets.xcassets in Resources */,
				3DF21FA224C5779D005D74A8 /* Main.storyboard in Resources */,
			);
			runOnlyForDeploymentPostprocessing = 0;
		};
/* End PBXResourcesBuildPhase section */

/* Begin PBXShellScriptBuildPhase section */
		AAF5D8E3FAB2F29596DEBA97 /* [CP] Check Pods Manifest.lock */ = {
			isa = PBXShellScriptBuildPhase;
			buildActionMask = 2147483647;
			files = (
			);
			inputFileListPaths = (
			);
			inputPaths = (
				"${PODS_PODFILE_DIR_PATH}/Podfile.lock",
				"${PODS_ROOT}/Manifest.lock",
			);
			name = "[CP] Check Pods Manifest.lock";
			outputFileListPaths = (
			);
			outputPaths = (
				"$(DERIVED_FILE_DIR)/Pods-GiaoDich-checkManifestLockResult.txt",
			);
			runOnlyForDeploymentPostprocessing = 0;
			shellPath = /bin/sh;
			shellScript = "diff \"${PODS_PODFILE_DIR_PATH}/Podfile.lock\" \"${PODS_ROOT}/Manifest.lock\" > /dev/null\nif [ $? != 0 ] ; then\n    # print error to STDERR\n    echo \"error: The sandbox is not in sync with the Podfile.lock. Run 'pod install' or update your CocoaPods installation.\" >&2\n    exit 1\nfi\n# This output is used by Xcode 'outputs' to avoid re-running this script phase.\necho \"SUCCESS\" > \"${SCRIPT_OUTPUT_FILE_0}\"\n";
			showEnvVarsInLog = 0;
		};
		B8992156299FAD277F939B99 /* [CP] Embed Pods Frameworks */ = {
			isa = PBXShellScriptBuildPhase;
			buildActionMask = 2147483647;
			files = (
			);
			inputFileListPaths = (
				"${PODS_ROOT}/Target Support Files/Pods-GiaoDich/Pods-GiaoDich-frameworks-${CONFIGURATION}-input-files.xcfilelist",
			);
			name = "[CP] Embed Pods Frameworks";
			outputFileListPaths = (
				"${PODS_ROOT}/Target Support Files/Pods-GiaoDich/Pods-GiaoDich-frameworks-${CONFIGURATION}-output-files.xcfilelist",
			);
			runOnlyForDeploymentPostprocessing = 0;
			shellPath = /bin/sh;
			shellScript = "\"${PODS_ROOT}/Target Support Files/Pods-GiaoDich/Pods-GiaoDich-frameworks.sh\"\n";
			showEnvVarsInLog = 0;
		};
/* End PBXShellScriptBuildPhase section */

/* Begin PBXSourcesBuildPhase section */
		3DF21F9324C5779D005D74A8 /* Sources */ = {
			isa = PBXSourcesBuildPhase;
			buildActionMask = 2147483647;
			files = (
				3DF21FBE24C5ACB6005D74A8 /* InforTableViewCell.swift in Sources */,
				3DF21FB124C5797F005D74A8 /* Navigation+Extensions.swift in Sources */,
				3DF21F9F24C5779D005D74A8 /* ViewController.swift in Sources */,
				3DF21FB424C580C2005D74A8 /* TransferTableViewCell.swift in Sources */,
				3DF21F9B24C5779D005D74A8 /* AppDelegate.swift in Sources */,
				3DF21FAF24C577FF005D74A8 /* GiaoDichViewController.swift in Sources */,
				3DF21F9D24C5779D005D74A8 /* SceneDelegate.swift in Sources */,
				3DF21FB724C582D6005D74A8 /* UILabel+Extensions.swift in Sources */,
				3DF21FBB24C5921B005D74A8 /* CurrencyTableViewCell.swift in Sources */,
				3DF21FC024C69E84005D74A8 /* EditViewController.swift in Sources */,
				3DF21FB924C58AA4005D74A8 /* UIColor+Extension.swift in Sources */,
			);
			runOnlyForDeploymentPostprocessing = 0;
		};
/* End PBXSourcesBuildPhase section */

/* Begin PBXVariantGroup section */
		3DF21FA024C5779D005D74A8 /* Main.storyboard */ = {
			isa = PBXVariantGroup;
			children = (
				3DF21FA124C5779D005D74A8 /* Base */,
			);
			name = Main.storyboard;
			sourceTree = "<group>";
		};
		3DF21FA524C577A1005D74A8 /* LaunchScreen.storyboard */ = {
			isa = PBXVariantGroup;
			children = (
				3DF21FA624C577A1005D74A8 /* Base */,
			);
			name = LaunchScreen.storyboard;
			sourceTree = "<group>";
		};
/* End PBXVariantGroup section */

/* Begin XCBuildConfiguration section */
		3DF21FA924C577A1005D74A8 /* Debug */ = {
			isa = XCBuildConfiguration;
			buildSettings = {
				ALWAYS_SEARCH_USER_PATHS = NO;
				CLANG_ANALYZER_NONNULL = YES;
				CLANG_ANALYZER_NUMBER_OBJECT_CONVERSION = YES_AGGRESSIVE;
				CLANG_CXX_LANGUAGE_STANDARD = "gnu++14";
				CLANG_CXX_LIBRARY = "libc++";
				CLANG_ENABLE_MODULES = YES;
				CLANG_ENABLE_OBJC_ARC = YES;
				CLANG_ENABLE_OBJC_WEAK = YES;
				CLANG_WARN_BLOCK_CAPTURE_AUTORELEASING = YES;
				CLANG_WARN_BOOL_CONVERSION = YES;
				CLANG_WARN_COMMA = YES;
				CLANG_WARN_CONSTANT_CONVERSION = YES;
				CLANG_WARN_DEPRECATED_OBJC_IMPLEMENTATIONS = YES;
				CLANG_WARN_DIRECT_OBJC_ISA_USAGE = YES_ERROR;
				CLANG_WARN_DOCUMENTATION_COMMENTS = YES;
				CLANG_WARN_EMPTY_BODY = YES;
				CLANG_WARN_ENUM_CONVERSION = YES;
				CLANG_WARN_INFINITE_RECURSION = YES;
				CLANG_WARN_INT_CONVERSION = YES;
				CLANG_WARN_NON_LITERAL_NULL_CONVERSION = YES;
				CLANG_WARN_OBJC_IMPLICIT_RETAIN_SELF = YES;
				CLANG_WARN_OBJC_LITERAL_CONVERSION = YES;
				CLANG_WARN_OBJC_ROOT_CLASS = YES_ERROR;
				CLANG_WARN_RANGE_LOOP_ANALYSIS = YES;
				CLANG_WARN_STRICT_PROTOTYPES = YES;
				CLANG_WARN_SUSPICIOUS_MOVE = YES;
				CLANG_WARN_UNGUARDED_AVAILABILITY = YES_AGGRESSIVE;
				CLANG_WARN_UNREACHABLE_CODE = YES;
				CLANG_WARN__DUPLICATE_METHOD_MATCH = YES;
				COPY_PHASE_STRIP = NO;
				DEBUG_INFORMATION_FORMAT = dwarf;
				ENABLE_STRICT_OBJC_MSGSEND = YES;
				ENABLE_TESTABILITY = YES;
				GCC_C_LANGUAGE_STANDARD = gnu11;
				GCC_DYNAMIC_NO_PIC = NO;
				GCC_NO_COMMON_BLOCKS = YES;
				GCC_OPTIMIZATION_LEVEL = 0;
				GCC_PREPROCESSOR_DEFINITIONS = (
					"DEBUG=1",
					"$(inherited)",
				);
				GCC_WARN_64_TO_32_BIT_CONVERSION = YES;
				GCC_WARN_ABOUT_RETURN_TYPE = YES_ERROR;
				GCC_WARN_UNDECLARED_SELECTOR = YES;
				GCC_WARN_UNINITIALIZED_AUTOS = YES_AGGRESSIVE;
				GCC_WARN_UNUSED_FUNCTION = YES;
				GCC_WARN_UNUSED_VARIABLE = YES;
				IPHONEOS_DEPLOYMENT_TARGET = 13.5;
				MTL_ENABLE_DEBUG_INFO = INCLUDE_SOURCE;
				MTL_FAST_MATH = YES;
				ONLY_ACTIVE_ARCH = YES;
				SDKROOT = iphoneos;
				SWIFT_ACTIVE_COMPILATION_CONDITIONS = DEBUG;
				SWIFT_OPTIMIZATION_LEVEL = "-Onone";
			};
			name = Debug;
		};
		3DF21FAA24C577A1005D74A8 /* Release */ = {
			isa = XCBuildConfiguration;
			buildSettings = {
				ALWAYS_SEARCH_USER_PATHS = NO;
				CLANG_ANALYZER_NONNULL = YES;
				CLANG_ANALYZER_NUMBER_OBJECT_CONVERSION = YES_AGGRESSIVE;
				CLANG_CXX_LANGUAGE_STANDARD = "gnu++14";
				CLANG_CXX_LIBRARY = "libc++";
				CLANG_ENABLE_MODULES = YES;
				CLANG_ENABLE_OBJC_ARC = YES;
				CLANG_ENABLE_OBJC_WEAK = YES;
				CLANG_WARN_BLOCK_CAPTURE_AUTORELEASING = YES;
				CLANG_WARN_BOOL_CONVERSION = YES;
				CLANG_WARN_COMMA = YES;
				CLANG_WARN_CONSTANT_CONVERSION = YES;
				CLANG_WARN_DEPRECATED_OBJC_IMPLEMENTATIONS = YES;
				CLANG_WARN_DIRECT_OBJC_ISA_USAGE = YES_ERROR;
				CLANG_WARN_DOCUMENTATION_COMMENTS = YES;
				CLANG_WARN_EMPTY_BODY = YES;
				CLANG_WARN_ENUM_CONVERSION = YES;
				CLANG_WARN_INFINITE_RECURSION = YES;
				CLANG_WARN_INT_CONVERSION = YES;
				CLANG_WARN_NON_LITERAL_NULL_CONVERSION = YES;
				CLANG_WARN_OBJC_IMPLICIT_RETAIN_SELF = YES;
				CLANG_WARN_OBJC_LITERAL_CONVERSION = YES;
				CLANG_WARN_OBJC_ROOT_CLASS = YES_ERROR;
				CLANG_WARN_RANGE_LOOP_ANALYSIS = YES;
				CLANG_WARN_STRICT_PROTOTYPES = YES;
				CLANG_WARN_SUSPICIOUS_MOVE = YES;
				CLANG_WARN_UNGUARDED_AVAILABILITY = YES_AGGRESSIVE;
				CLANG_WARN_UNREACHABLE_CODE = YES;
				CLANG_WARN__DUPLICATE_METHOD_MATCH = YES;
				COPY_PHASE_STRIP = NO;
				DEBUG_INFORMATION_FORMAT = "dwarf-with-dsym";
				ENABLE_NS_ASSERTIONS = NO;
				ENABLE_STRICT_OBJC_MSGSEND = YES;
				GCC_C_LANGUAGE_STANDARD = gnu11;
				GCC_NO_COMMON_BLOCKS = YES;
				GCC_WARN_64_TO_32_BIT_CONVERSION = YES;
				GCC_WARN_ABOUT_RETURN_TYPE = YES_ERROR;
				GCC_WARN_UNDECLARED_SELECTOR = YES;
				GCC_WARN_UNINITIALIZED_AUTOS = YES_AGGRESSIVE;
				GCC_WARN_UNUSED_FUNCTION = YES;
				GCC_WARN_UNUSED_VARIABLE = YES;
				IPHONEOS_DEPLOYMENT_TARGET = 13.5;
				MTL_ENABLE_DEBUG_INFO = NO;
				MTL_FAST_MATH = YES;
				SDKROOT = iphoneos;
				SWIFT_COMPILATION_MODE = wholemodule;
				SWIFT_OPTIMIZATION_LEVEL = "-O";
				VALIDATE_PRODUCT = YES;
			};
			name = Release;
		};
		3DF21FAC24C577A1005D74A8 /* Debug */ = {
			isa = XCBuildConfiguration;
			baseConfigurationReference = 48F30D528CCC58923D0173D9 /* Pods-GiaoDich.debug.xcconfig */;
			buildSettings = {
				ASSETCATALOG_COMPILER_APPICON_NAME = AppIcon;
				CODE_SIGN_STYLE = Automatic;
				DEVELOPMENT_TEAM = 74DJ25NAZW;
				INFOPLIST_FILE = GiaoDich/Info.plist;
				LD_RUNPATH_SEARCH_PATHS = (
					"$(inherited)",
					"@executable_path/Frameworks",
				);
				PRODUCT_BUNDLE_IDENTIFIER = NamLe.GiaoDich;
				PRODUCT_NAME = "$(TARGET_NAME)";
				SWIFT_VERSION = 5.0;
				TARGETED_DEVICE_FAMILY = "1,2";
			};
			name = Debug;
		};
		3DF21FAD24C577A1005D74A8 /* Release */ = {
			isa = XCBuildConfiguration;
			baseConfigurationReference = D00E7A637717B7DBFDE39043 /* Pods-GiaoDich.release.xcconfig */;
			buildSettings = {
				ASSETCATALOG_COMPILER_APPICON_NAME = AppIcon;
				CODE_SIGN_STYLE = Automatic;
				DEVELOPMENT_TEAM = 74DJ25NAZW;
				INFOPLIST_FILE = GiaoDich/Info.plist;
				LD_RUNPATH_SEARCH_PATHS = (
					"$(inherited)",
					"@executable_path/Frameworks",
				);
				PRODUCT_BUNDLE_IDENTIFIER = NamLe.GiaoDich;
				PRODUCT_NAME = "$(TARGET_NAME)";
				SWIFT_VERSION = 5.0;
				TARGETED_DEVICE_FAMILY = "1,2";
			};
			name = Release;
		};
/* End XCBuildConfiguration section */

/* Begin XCConfigurationList section */
		3DF21F9224C5779D005D74A8 /* Build configuration list for PBXProject "GiaoDich" */ = {
			isa = XCConfigurationList;
			buildConfigurations = (
				3DF21FA924C577A1005D74A8 /* Debug */,
				3DF21FAA24C577A1005D74A8 /* Release */,
			);
			defaultConfigurationIsVisible = 0;
			defaultConfigurationName = Release;
		};
		3DF21FAB24C577A1005D74A8 /* Build configuration list for PBXNativeTarget "GiaoDich" */ = {
			isa = XCConfigurationList;
			buildConfigurations = (
				3DF21FAC24C577A1005D74A8 /* Debug */,
				3DF21FAD24C577A1005D74A8 /* Release */,
			);
			defaultConfigurationIsVisible = 0;
			defaultConfigurationName = Release;
		};
/* End XCConfigurationList section */
	};
	rootObject = 3DF21F8F24C5779D005D74A8 /* Project object */;
}
